
Microsoft Visual Studio Solution File, Format Version 12.00
# Visual Studio Version 17
VisualStudioVersion = 17.5.002.0
MinimumVisualStudioVersion = 10.0.40219.1
Project("{9A19103F-16F7-4668-BE54-9A1E7A4F7556}") = "SerializationSecurityApp", "SerializationSecurityApp.csproj", "{C998057F-C7B7-457E-B8A1-4DEB370ACAC3}"
EndProject
Global
	GlobalSection(SolutionConfigurationPlatforms) = preSolution
		Debug|Any CPU = Debug|Any CPU
		Release|Any CPU = Release|Any CPU
	EndGlobalSection
	GlobalSection(ProjectConfigurationPlatforms) = postSolution
		{C998057F-C7B7-457E-B8A1-4DEB370ACAC3}.Debug|Any CPU.ActiveCfg = Debug|Any CPU
		{C998057F-C7B7-457E-B8A1-4DEB370ACAC3}.Debug|Any CPU.Build.0 = Debug|Any CPU
		{C998057F-C7B7-457E-B8A1-4DEB370ACAC3}.Release|Any CPU.ActiveCfg = Release|Any CPU
		{C998057F-C7B7-457E-B8A1-4DEB370ACAC3}.Release|Any CPU.Build.0 = Release|Any CPU
	EndGlobalSection
	GlobalSection(SolutionProperties) = preSolution
		HideSolutionNode = FALSE
	EndGlobalSection
	GlobalSection(ExtensibilityGlobals) = postSolution
		SolutionGuid = {FD174D32-50E0-4273-B355-E24692408EDE}
	EndGlobalSection
EndGlobal
